// !$*UTF8*$!
{
	archiveVersion = 1;
	classes = {
	};
	objectVersion = 56;
	objects = {

/* Begin PBXBuildFile section */
		CF0E4EB429FCDF3300600D86 /* MemoApp_TCAApp.swift in Sources */ = {isa = PBXBuildFile; fileRef = CF0E4EB329FCDF3300600D86 /* MemoApp_TCAApp.swift */; };
		CF0E4EB629FCDF3300600D86 /* ContentView.swift in Sources */ = {isa = PBXBuildFile; fileRef = CF0E4EB529FCDF3300600D86 /* ContentView.swift */; };
		CF0E4EB829FCDF3400600D86 /* Assets.xcassets in Resources */ = {isa = PBXBuildFile; fileRef = CF0E4EB729FCDF3400600D86 /* Assets.xcassets */; };
		CF0E4EBB29FCDF3400600D86 /* Preview Assets.xcassets in Resources */ = {isa = PBXBuildFile; fileRef = CF0E4EBA29FCDF3400600D86 /* Preview Assets.xcassets */; };
		CF0E4EC329FCDF4E00600D86 /* ComposableArchitecture in Frameworks */ = {isa = PBXBuildFile; productRef = CF0E4EC229FCDF4E00600D86 /* ComposableArchitecture */; };
		CF0E4EC529FCDF6000600D86 /* Memo.swift in Sources */ = {isa = PBXBuildFile; fileRef = CF0E4EC429FCDF6000600D86 /* Memo.swift */; };
		CF0E4EC829FCDFBF00600D86 /* Realm in Frameworks */ = {isa = PBXBuildFile; productRef = CF0E4EC729FCDFBF00600D86 /* Realm */; };
		CF0E4ECA29FCDFBF00600D86 /* RealmSwift in Frameworks */ = {isa = PBXBuildFile; productRef = CF0E4EC929FCDFBF00600D86 /* RealmSwift */; };
		CF0E4ECC29FCE4E200600D86 /* MemoFeature.swift in Sources */ = {isa = PBXBuildFile; fileRef = CF0E4ECB29FCE4E200600D86 /* MemoFeature.swift */; };
		CF0E4ECE29FCE71B00600D86 /* MemoItem.swift in Sources */ = {isa = PBXBuildFile; fileRef = CF0E4ECD29FCE71B00600D86 /* MemoItem.swift */; };
		CF0E4ED029FCE9F600600D86 /* MemoEditorView.swift in Sources */ = {isa = PBXBuildFile; fileRef = CF0E4ECF29FCE9F600600D86 /* MemoEditorView.swift */; };
		CFBDB2802A02377D00869942 /* RealmManager.swift in Sources */ = {isa = PBXBuildFile; fileRef = CFBDB27F2A02377D00869942 /* RealmManager.swift */; };
/* End PBXBuildFile section */

/* Begin PBXFileReference section */
		CF0E4EB029FCDF3300600D86 /* MemoApp_TCA.app */ = {isa = PBXFileReference; explicitFileType = wrapper.application; includeInIndex = 0; path = MemoApp_TCA.app; sourceTree = BUILT_PRODUCTS_DIR; };
		CF0E4EB329FCDF3300600D86 /* MemoApp_TCAApp.swift */ = {isa = PBXFileReference; lastKnownFileType = sourcecode.swift; path = MemoApp_TCAApp.swift; sourceTree = "<group>"; };
		CF0E4EB529FCDF3300600D86 /* ContentView.swift */ = {isa = PBXFileReference; lastKnownFileType = sourcecode.swift; path = ContentView.swift; sourceTree = "<group>"; };
		CF0E4EB729FCDF3400600D86 /* Assets.xcassets */ = {isa = PBXFileReference; lastKnownFileType = folder.assetcatalog; path = Assets.xcassets; sourceTree = "<group>"; };
		CF0E4EBA29FCDF3400600D86 /* Preview Assets.xcassets */ = {isa = PBXFileReference; lastKnownFileType = folder.assetcatalog; path = "Preview Assets.xcassets"; sourceTree = "<group>"; };
		CF0E4EC429FCDF6000600D86 /* Memo.swift */ = {isa = PBXFileReference; lastKnownFileType = sourcecode.swift; path = Memo.swift; sourceTree = "<group>"; };
		CF0E4ECB29FCE4E200600D86 /* MemoFeature.swift */ = {isa = PBXFileReference; lastKnownFileType = sourcecode.swift; path = MemoFeature.swift; sourceTree = "<group>"; };
		CF0E4ECD29FCE71B00600D86 /* MemoItem.swift */ = {isa = PBXFileReference; lastKnownFileType = sourcecode.swift; path = MemoItem.swift; sourceTree = "<group>"; };
		CF0E4ECF29FCE9F600600D86 /* MemoEditorView.swift */ = {isa = PBXFileReference; lastKnownFileType = sourcecode.swift; path = MemoEditorView.swift; sourceTree = "<group>"; };
		CFBDB27F2A02377D00869942 /* RealmManager.swift */ = {isa = PBXFileReference; lastKnownFileType = sourcecode.swift; path = RealmManager.swift; sourceTree = "<group>"; };
/* End PBXFileReference section */

/* Begin PBXFrameworksBuildPhase section */
		CF0E4EAD29FCDF3300600D86 /* Frameworks */ = {
			isa = PBXFrameworksBuildPhase;
			buildActionMask = 2147483647;
			files = (
				CF0E4ECA29FCDFBF00600D86 /* RealmSwift in Frameworks */,
				CF0E4EC829FCDFBF00600D86 /* Realm in Frameworks */,
				CF0E4EC329FCDF4E00600D86 /* ComposableArchitecture in Frameworks */,
			);
			runOnlyForDeploymentPostprocessing = 0;
		};
/* End PBXFrameworksBuildPhase section */

/* Begin PBXGroup section */
		CF0E4EA729FCDF3300600D86 = {
			isa = PBXGroup;
			children = (
				CF0E4EB229FCDF3300600D86 /* MemoApp_TCA */,
				CF0E4EB129FCDF3300600D86 /* Products */,
			);
			sourceTree = "<group>";
		};
		CF0E4EB129FCDF3300600D86 /* Products */ = {
			isa = PBXGroup;
			children = (
				CF0E4EB029FCDF3300600D86 /* MemoApp_TCA.app */,
			);
			name = Products;
			sourceTree = "<group>";
		};
		CF0E4EB229FCDF3300600D86 /* MemoApp_TCA */ = {
			isa = PBXGroup;
			children = (
				CF0E4EB329FCDF3300600D86 /* MemoApp_TCAApp.swift */,
				CF0E4EB529FCDF3300600D86 /* ContentView.swift */,
				CF0E4EB729FCDF3400600D86 /* Assets.xcassets */,
				CF0E4EB929FCDF3400600D86 /* Preview Content */,
				CF0E4EC429FCDF6000600D86 /* Memo.swift */,
				CF0E4ECB29FCE4E200600D86 /* MemoFeature.swift */,
				CF0E4ECD29FCE71B00600D86 /* MemoItem.swift */,
				CF0E4ECF29FCE9F600600D86 /* MemoEditorView.swift */,
				CFBDB27F2A02377D00869942 /* RealmManager.swift */,
			);
			path = MemoApp_TCA;
			sourceTree = "<group>";
		};
		CF0E4EB929FCDF3400600D86 /* Preview Content */ = {
			isa = PBXGroup;
			children = (
				CF0E4EBA29FCDF3400600D86 /* Preview Assets.xcassets */,
			);
			path = "Preview Content";
			sourceTree = "<group>";
		};
/* End PBXGroup section */

/* Begin PBXNativeTarget section */
		CF0E4EAF29FCDF3300600D86 /* MemoApp_TCA */ = {
			isa = PBXNativeTarget;
			buildConfigurationList = CF0E4EBE29FCDF3400600D86 /* Build configuration list for PBXNativeTarget "MemoApp_TCA" */;
			buildPhases = (
				CF0E4EAC29FCDF3300600D86 /* Sources */,
				CF0E4EAD29FCDF3300600D86 /* Frameworks */,
				CF0E4EAE29FCDF3300600D86 /* Resources */,
			);
			buildRules = (
			);
			dependencies = (
			);
			name = MemoApp_TCA;
			packageProductDependencies = (
				CF0E4EC229FCDF4E00600D86 /* ComposableArchitecture */,
				CF0E4EC729FCDFBF00600D86 /* Realm */,
				CF0E4EC929FCDFBF00600D86 /* RealmSwift */,
			);
			productName = MemoApp_TCA;
			productReference = CF0E4EB029FCDF3300600D86 /* MemoApp_TCA.app */;
			productType = "com.apple.product-type.application";
		};
/* End PBXNativeTarget section */

/* Begin PBXProject section */
		CF0E4EA829FCDF3300600D86 /* Project object */ = {
			isa = PBXProject;
			attributes = {
				BuildIndependentTargetsInParallel = 1;
				LastSwiftUpdateCheck = 1430;
				LastUpgradeCheck = 1430;
				TargetAttributes = {
					CF0E4EAF29FCDF3300600D86 = {
						CreatedOnToolsVersion = 14.3;
					};
				};
			};
			buildConfigurationList = CF0E4EAB29FCDF3300600D86 /* Build configuration list for PBXProject "MemoApp_TCA" */;
			compatibilityVersion = "Xcode 14.0";
			developmentRegion = en;
			hasScannedForEncodings = 0;
			knownRegions = (
				en,
				Base,
			);
			mainGroup = CF0E4EA729FCDF3300600D86;
			packageReferences = (
				CF0E4EC129FCDF4E00600D86 /* XCRemoteSwiftPackageReference "swift-composable-architecture" */,
				CF0E4EC629FCDFBF00600D86 /* XCRemoteSwiftPackageReference "realm-swift" */,
			);
			productRefGroup = CF0E4EB129FCDF3300600D86 /* Products */;
			projectDirPath = "";
			projectRoot = "";
			targets = (
				CF0E4EAF29FCDF3300600D86 /* MemoApp_TCA */,
			);
		};
/* End PBXProject section */

/* Begin PBXResourcesBuildPhase section */
		CF0E4EAE29FCDF3300600D86 /* Resources */ = {
			isa = PBXResourcesBuildPhase;
			buildActionMask = 2147483647;
			files = (
				CF0E4EBB29FCDF3400600D86 /* Preview Assets.xcassets in Resources */,
				CF0E4EB829FCDF3400600D86 /* Assets.xcassets in Resources */,
			);
			runOnlyForDeploymentPostprocessing = 0;
		};
/* End PBXResourcesBuildPhase section */

/* Begin PBXSourcesBuildPhase section */
		CF0E4EAC29FCDF3300600D86 /* Sources */ = {
			isa = PBXSourcesBuildPhase;
			buildActionMask = 2147483647;
			files = (
				CF0E4ECC29FCE4E200600D86 /* MemoFeature.swift in Sources */,
				CF0E4EC529FCDF6000600D86 /* Memo.swift in Sources */,
				CF0E4EB629FCDF3300600D86 /* ContentView.swift in Sources */,
				CF0E4ECE29FCE71B00600D86 /* MemoItem.swift in Sources */,
				CF0E4EB429FCDF3300600D86 /* MemoApp_TCAApp.swift in Sources */,
				CFBDB2802A02377D00869942 /* RealmManager.swift in Sources */,
				CF0E4ED029FCE9F600600D86 /* MemoEditorView.swift in Sources */,
			);
			runOnlyForDeploymentPostprocessing = 0;
		};
/* End PBXSourcesBuildPhase section */

/* Begin XCBuildConfiguration section */
		CF0E4EBC29FCDF3400600D86 /* Debug */ = {
			isa = XCBuildConfiguration;
			buildSettings = {
				ALWAYS_SEARCH_USER_PATHS = NO;
				CLANG_ANALYZER_NONNULL = YES;
				CLANG_ANALYZER_NUMBER_OBJECT_CONVERSION = YES_AGGRESSIVE;
				CLANG_CXX_LANGUAGE_STANDARD = "gnu++20";
				CLANG_ENABLE_MODULES = YES;
				CLANG_ENABLE_OBJC_ARC = YES;
				CLANG_ENABLE_OBJC_WEAK = YES;
				CLANG_WARN_BLOCK_CAPTURE_AUTORELEASING = YES;
				CLANG_WARN_BOOL_CONVERSION = YES;
				CLANG_WARN_COMMA = YES;
				CLANG_WARN_CONSTANT_CONVERSION = YES;
				CLANG_WARN_DEPRECATED_OBJC_IMPLEMENTATIONS = YES;
				CLANG_WARN_DIRECT_OBJC_ISA_USAGE = YES_ERROR;
				CLANG_WARN_DOCUMENTATION_COMMENTS = YES;
				CLANG_WARN_EMPTY_BODY = YES;
				CLANG_WARN_ENUM_CONVERSION = YES;
				CLANG_WARN_INFINITE_RECURSION = YES;
				CLANG_WARN_INT_CONVERSION = YES;
				CLANG_WARN_NON_LITERAL_NULL_CONVERSION = YES;
				CLANG_WARN_OBJC_IMPLICIT_RETAIN_SELF = YES;
				CLANG_WARN_OBJC_LITERAL_CONVERSION = YES;
				CLANG_WARN_OBJC_ROOT_CLASS = YES_ERROR;
				CLANG_WARN_QUOTED_INCLUDE_IN_FRAMEWORK_HEADER = YES;
				CLANG_WARN_RANGE_LOOP_ANALYSIS = YES;
				CLANG_WARN_STRICT_PROTOTYPES = YES;
				CLANG_WARN_SUSPICIOUS_MOVE = YES;
				CLANG_WARN_UNGUARDED_AVAILABILITY = YES_AGGRESSIVE;
				CLANG_WARN_UNREACHABLE_CODE = YES;
				CLANG_WARN__DUPLICATE_METHOD_MATCH = YES;
				COPY_PHASE_STRIP = NO;
				DEBUG_INFORMATION_FORMAT = dwarf;
				ENABLE_STRICT_OBJC_MSGSEND = YES;
				ENABLE_TESTABILITY = YES;
				GCC_C_LANGUAGE_STANDARD = gnu11;
				GCC_DYNAMIC_NO_PIC = NO;
				GCC_NO_COMMON_BLOCKS = YES;
				GCC_OPTIMIZATION_LEVEL = 0;
				GCC_PREPROCESSOR_DEFINITIONS = (
					"DEBUG=1",
					"$(inherited)",
				);
				GCC_WARN_64_TO_32_BIT_CONVERSION = YES;
				GCC_WARN_ABOUT_RETURN_TYPE = YES_ERROR;
				GCC_WARN_UNDECLARED_SELECTOR = YES;
				GCC_WARN_UNINITIALIZED_AUTOS = YES_AGGRESSIVE;
				GCC_WARN_UNUSED_FUNCTION = YES;
				GCC_WARN_UNUSED_VARIABLE = YES;
				IPHONEOS_DEPLOYMENT_TARGET = 16.4;
				MTL_ENABLE_DEBUG_INFO = INCLUDE_SOURCE;
				MTL_FAST_MATH = YES;
				ONLY_ACTIVE_ARCH = YES;
				SDKROOT = iphoneos;
				SWIFT_ACTIVE_COMPILATION_CONDITIONS = DEBUG;
				SWIFT_OPTIMIZATION_LEVEL = "-Onone";
			};
			name = Debug;
		};
		CF0E4EBD29FCDF3400600D86 /* Release */ = {
			isa = XCBuildConfiguration;
			buildSettings = {
				ALWAYS_SEARCH_USER_PATHS = NO;
				CLANG_ANALYZER_NONNULL = YES;
				CLANG_ANALYZER_NUMBER_OBJECT_CONVERSION = YES_AGGRESSIVE;
				CLANG_CXX_LANGUAGE_STANDARD = "gnu++20";
				CLANG_ENABLE_MODULES = YES;
				CLANG_ENABLE_OBJC_ARC = YES;
				CLANG_ENABLE_OBJC_WEAK = YES;
				CLANG_WARN_BLOCK_CAPTURE_AUTORELEASING = YES;
				CLANG_WARN_BOOL_CONVERSION = YES;
				CLANG_WARN_COMMA = YES;
				CLANG_WARN_CONSTANT_CONVERSION = YES;
				CLANG_WARN_DEPRECATED_OBJC_IMPLEMENTATIONS = YES;
				CLANG_WARN_DIRECT_OBJC_ISA_USAGE = YES_ERROR;
				CLANG_WARN_DOCUMENTATION_COMMENTS = YES;
				CLANG_WARN_EMPTY_BODY = YES;
				CLANG_WARN_ENUM_CONVERSION = YES;
				CLANG_WARN_INFINITE_RECURSION = YES;
				CLANG_WARN_INT_CONVERSION = YES;
				CLANG_WARN_NON_LITERAL_NULL_CONVERSION = YES;
				CLANG_WARN_OBJC_IMPLICIT_RETAIN_SELF = YES;
				CLANG_WARN_OBJC_LITERAL_CONVERSION = YES;
				CLANG_WARN_OBJC_ROOT_CLASS = YES_ERROR;
				CLANG_WARN_QUOTED_INCLUDE_IN_FRAMEWORK_HEADER = YES;
				CLANG_WARN_RANGE_LOOP_ANALYSIS = YES;
				CLANG_WARN_STRICT_PROTOTYPES = YES;
				CLANG_WARN_SUSPICIOUS_MOVE = YES;
				CLANG_WARN_UNGUARDED_AVAILABILITY = YES_AGGRESSIVE;
				CLANG_WARN_UNREACHABLE_CODE = YES;
				CLANG_WARN__DUPLICATE_METHOD_MATCH = YES;
				COPY_PHASE_STRIP = NO;
				DEBUG_INFORMATION_FORMAT = "dwarf-with-dsym";
				ENABLE_NS_ASSERTIONS = NO;
				ENABLE_STRICT_OBJC_MSGSEND = YES;
				GCC_C_LANGUAGE_STANDARD = gnu11;
				GCC_NO_COMMON_BLOCKS = YES;
				GCC_WARN_64_TO_32_BIT_CONVERSION = YES;
				GCC_WARN_ABOUT_RETURN_TYPE = YES_ERROR;
				GCC_WARN_UNDECLARED_SELECTOR = YES;
				GCC_WARN_UNINITIALIZED_AUTOS = YES_AGGRESSIVE;
				GCC_WARN_UNUSED_FUNCTION = YES;
				GCC_WARN_UNUSED_VARIABLE = YES;
				IPHONEOS_DEPLOYMENT_TARGET = 16.4;
				MTL_ENABLE_DEBUG_INFO = NO;
				MTL_FAST_MATH = YES;
				SDKROOT = iphoneos;
				SWIFT_COMPILATION_MODE = wholemodule;
				SWIFT_OPTIMIZATION_LEVEL = "-O";
				VALIDATE_PRODUCT = YES;
			};
			name = Release;
		};
		CF0E4EBF29FCDF3400600D86 /* Debug */ = {
			isa = XCBuildConfiguration;
			buildSettings = {
				ASSETCATALOG_COMPILER_APPICON_NAME = AppIcon;
				ASSETCATALOG_COMPILER_GLOBAL_ACCENT_COLOR_NAME = AccentColor;
				CODE_SIGN_STYLE = Automatic;
				CURRENT_PROJECT_VERSION = 1;
				DEVELOPMENT_ASSET_PATHS = "\"MemoApp_TCA/Preview Content\"";
				DEVELOPMENT_TEAM = EX6G2VC9J8;
				ENABLE_PREVIEWS = YES;
				GENERATE_INFOPLIST_FILE = YES;
				INFOPLIST_KEY_UIApplicationSceneManifest_Generation = YES;
				INFOPLIST_KEY_UIApplicationSupportsIndirectInputEvents = YES;
				INFOPLIST_KEY_UILaunchScreen_Generation = YES;
				INFOPLIST_KEY_UISupportedInterfaceOrientations_iPad = "UIInterfaceOrientationPortrait UIInterfaceOrientationPortraitUpsideDown UIInterfaceOrientationLandscapeLeft UIInterfaceOrientationLandscapeRight";
				INFOPLIST_KEY_UISupportedInterfaceOrientations_iPhone = "UIInterfaceOrientationPortrait UIInterfaceOrientationLandscapeLeft UIInterfaceOrientationLandscapeRight";
				LD_RUNPATH_SEARCH_PATHS = (
					"$(inherited)",
					"@executable_path/Frameworks",
				);
				MARKETING_VERSION = 1.0;
				PRODUCT_BUNDLE_IDENTIFIER = "com.dldmswo1209.MemoApp-TCA";
				PRODUCT_NAME = "$(TARGET_NAME)";
				SWIFT_EMIT_LOC_STRINGS = YES;
				SWIFT_VERSION = 5.0;
				TARGETED_DEVICE_FAMILY = "1,2";
			};
			name = Debug;
		};
		CF0E4EC029FCDF3400600D86 /* Release */ = {
			isa = XCBuildConfiguration;
			buildSettings = {
				ASSETCATALOG_COMPILER_APPICON_NAME = AppIcon;
				ASSETCATALOG_COMPILER_GLOBAL_ACCENT_COLOR_NAME = AccentColor;
				CODE_SIGN_STYLE = Automatic;
				CURRENT_PROJECT_VERSION = 1;
				DEVELOPMENT_ASSET_PATHS = "\"MemoApp_TCA/Preview Content\"";
				DEVELOPMENT_TEAM = EX6G2VC9J8;
				ENABLE_PREVIEWS = YES;
				GENERATE_INFOPLIST_FILE = YES;
				INFOPLIST_KEY_UIApplicationSceneManifest_Generation = YES;
				INFOPLIST_KEY_UIApplicationSupportsIndirectInputEvents = YES;
				INFOPLIST_KEY_UILaunchScreen_Generation = YES;
				INFOPLIST_KEY_UISupportedInterfaceOrientations_iPad = "UIInterfaceOrientationPortrait UIInterfaceOrientationPortraitUpsideDown UIInterfaceOrientationLandscapeLeft UIInterfaceOrientationLandscapeRight";
				INFOPLIST_KEY_UISupportedInterfaceOrientations_iPhone = "UIInterfaceOrientationPortrait UIInterfaceOrientationLandscapeLeft UIInterfaceOrientationLandscapeRight";
				LD_RUNPATH_SEARCH_PATHS = (
					"$(inherited)",
					"@executable_path/Frameworks",
				);
				MARKETING_VERSION = 1.0;
				PRODUCT_BUNDLE_IDENTIFIER = "com.dldmswo1209.MemoApp-TCA";
				PRODUCT_NAME = "$(TARGET_NAME)";
				SWIFT_EMIT_LOC_STRINGS = YES;
				SWIFT_VERSION = 5.0;
				TARGETED_DEVICE_FAMILY = "1,2";
			};
			name = Release;
		};
/* End XCBuildConfiguration section */

/* Begin XCConfigurationList section */
		CF0E4EAB29FCDF3300600D86 /* Build configuration list for PBXProject "MemoApp_TCA" */ = {
			isa = XCConfigurationList;
			buildConfigurations = (
				CF0E4EBC29FCDF3400600D86 /* Debug */,
				CF0E4EBD29FCDF3400600D86 /* Release */,
			);
			defaultConfigurationIsVisible = 0;
			defaultConfigurationName = Release;
		};
		CF0E4EBE29FCDF3400600D86 /* Build configuration list for PBXNativeTarget "MemoApp_TCA" */ = {
			isa = XCConfigurationList;
			buildConfigurations = (
				CF0E4EBF29FCDF3400600D86 /* Debug */,
				CF0E4EC029FCDF3400600D86 /* Release */,
			);
			defaultConfigurationIsVisible = 0;
			defaultConfigurationName = Release;
		};
/* End XCConfigurationList section */

/* Begin XCRemoteSwiftPackageReference section */
		CF0E4EC129FCDF4E00600D86 /* XCRemoteSwiftPackageReference "swift-composable-architecture" */ = {
			isa = XCRemoteSwiftPackageReference;
			repositoryURL = "https://github.com/pointfreeco/swift-composable-architecture";
			requirement = {
				kind = upToNextMajorVersion;
				minimumVersion = 0.52.0;
			};
		};
		CF0E4EC629FCDFBF00600D86 /* XCRemoteSwiftPackageReference "realm-swift" */ = {
			isa = XCRemoteSwiftPackageReference;
			repositoryURL = "https://github.com/realm/realm-swift.git";
			requirement = {
				kind = upToNextMajorVersion;
				minimumVersion = 10.38.3;
			};
		};
/* End XCRemoteSwiftPackageReference section */

/* Begin XCSwiftPackageProductDependency section */
		CF0E4EC229FCDF4E00600D86 /* ComposableArchitecture */ = {
			isa = XCSwiftPackageProductDependency;
			package = CF0E4EC129FCDF4E00600D86 /* XCRemoteSwiftPackageReference "swift-composable-architecture" */;
			productName = ComposableArchitecture;
		};
		CF0E4EC729FCDFBF00600D86 /* Realm */ = {
			isa = XCSwiftPackageProductDependency;
			package = CF0E4EC629FCDFBF00600D86 /* XCRemoteSwiftPackageReference "realm-swift" */;
			productName = Realm;
		};
		CF0E4EC929FCDFBF00600D86 /* RealmSwift */ = {
			isa = XCSwiftPackageProductDependency;
			package = CF0E4EC629FCDFBF00600D86 /* XCRemoteSwiftPackageReference "realm-swift" */;
			productName = RealmSwift;
		};
/* End XCSwiftPackageProductDependency section */
	};
	rootObject = CF0E4EA829FCDF3300600D86 /* Project object */;
}
